<?xml version="1.0" encoding="utf-8"?>
<Project ToolsVersion="4.0" xmlns="http://schemas.microsoft.com/developer/msbuild/2003">
  <ItemGroup>
    <Filter Include="Header Files">
      <UniqueIdentifier>{93995380-89BD-4b04-88EB-625FBE52EBFB}</UniqueIdentifier>
      <Extensions>h;hpp;hxx;hm;inl;inc;xsd</Extensions>
    </Filter>
    <Filter Include="Resource Files">
      <UniqueIdentifier>{67DA6AB6-F800-4c08-8B7A-83BB121AAD01}</UniqueIdentifier>
      <Extensions>rc;ico;cur;bmp;dlg;rc2;rct;bin;rgs;gif;jpg;jpeg;jpe;resx;tiff;tif;png;wav;mfcribbon-ms</Extensions>
    </Filter>
    <Filter Include="Header Files\netlib">
      <UniqueIdentifier>{798cbbb0-683a-46f7-9a8b-fbd843d344cd}</UniqueIdentifier>
    </Filter>
    <Filter Include="Source Files">
      <UniqueIdentifier>{4FC737F1-C7A5-4376-A066-2A32D752A2FF}</UniqueIdentifier>
      <Extensions>cpp;c;cc;cxx;def;odl;idl;hpj;bat;asm;asmx</Extensions>
    </Filter>
  </ItemGroup>
  <ItemGroup>
    <ClCompile Include="src\socket_win32.cpp">
      <Filter>Source Files</Filter>
    </ClCompile>
    <ClCompile Include="src\string.cpp">
      <Filter>Source Files</Filter>
    </ClCompile>
    <ClCompile Include="src\telnet.cpp">
      <Filter>Source Files</Filter>
    </ClCompile>
    <ClCompile Include="src\terminal.cpp">
      <Filter>Source Files</Filter>
    </ClCompile>
    <ClCompile Include="src\uthread_win32.cpp">
      <Filter>Source Files</Filter>
    </ClCompile>
    <ClCompile Include="src\bitstream.cpp">
      <Filter>Source Files</Filter>
    </ClCompile>
    <ClCompile Include="src\pipe_win32.cpp">
      <Filter>Source Files</Filter>
    </ClCompile>
    <ClCompile Include="src\file_win32.cpp">
      <Filter>Source Files</Filter>
    </ClCompile>
    <ClCompile Include="src\shared_memory_win32.cpp">
      <Filter>Source Files</Filter>
    </ClCompile>
    <ClCompile Include="src\http.cpp">
      <Filter>Source Files</Filter>
    </ClCompile>
    <ClCompile Include="src\crypto.cpp">
      <Filter>Source Files</Filter>
    </ClCompile>
    <ClCompile Include="src\md5_win32.cpp">
      <Filter>Source Files</Filter>
    </ClCompile>
    <ClCompile Include="src\sha1_win32.cpp">
      <Filter>Source Files</Filter>
    </ClCompile>
    <ClCompile Include="src\base64_win32.cpp">
      <Filter>Source Files</Filter>
    </ClCompile>
    <ClCompile Include="src\websocket.cpp">
      <Filter>Source Files</Filter>
    </ClCompile>
    <ClCompile Include="src\thread_win32.cpp">
      <Filter>Source Files</Filter>
    </ClCompile>
    <ClCompile Include="src\ref_counted.cpp">
      <Filter>Source Files</Filter>
    </ClCompile>
    <ClCompile Include="src\netlib_win32.cpp">
      <Filter>Source Files</Filter>
    </ClCompile>
    <ClCompile Include="src\json.cpp">
      <Filter>Source Files</Filter>
    </ClCompile>
    <ClCompile Include="src\irc.cpp">
      <Filter>Source Files</Filter>
    </ClCompile>
    <ClCompile Include="src\event.cpp">
      <Filter>Source Files</Filter>
    </ClCompile>
    <ClCompile Include="src\uthread.cpp">
      <Filter>Source Files</Filter>
    </ClCompile>
    <ClCompile Include="src\module_win32.cpp">
      <Filter>Source Files</Filter>
    </ClCompile>
    <ClCompile Include="src\resource_win32.cpp">
      <Filter>Source Files</Filter>
    </ClCompile>
    <ClCompile Include="src\netlib.cpp">
      <Filter>Source Files</Filter>
    </ClCompile>
    <ClCompile Include="src\internal.cpp">
      <Filter>Source Files</Filter>
    </ClCompile>
    <ClCompile Include="src\i18n_win32.cpp">
      <Filter>Source Files</Filter>
    </ClCompile>
    <ClCompile Include="src\data.cpp">
      <Filter>Source Files</Filter>
    </ClCompile>
    <ClCompile Include="src\exception.cpp">
      <Filter>Source Files</Filter>
    </ClCompile>
    <ClCompile Include="src\exception_win32.cpp">
      <Filter>Source Files</Filter>
    </ClCompile>
  </ItemGroup>
  <ItemGroup>
    <ClInclude Include="include\netlib\socket.h">
      <Filter>Header Files\netlib</Filter>
    </ClInclude>
    <ClInclude Include="include\netlib\string.h">
      <Filter>Header Files\netlib</Filter>
    </ClInclude>
    <ClInclude Include="include\netlib\telnet.h">
      <Filter>Header Files\netlib</Filter>
    </ClInclude>
    <ClInclude Include="include\netlib\terminal.h">
      <Filter>Header Files\netlib</Filter>
    </ClInclude>
    <ClInclude Include="include\netlib\uthread.h">
      <Filter>Header Files\netlib</Filter>
    </ClInclude>
    <ClInclude Include="include\netlib\netlib.h">
      <Filter>Header Files\netlib</Filter>
    </ClInclude>
    <ClInclude Include="resource.h">
      <Filter>Header Files</Filter>
    </ClInclude>
    <ClInclude Include="include\netlib\bitstream.h">
      <Filter>Header Files\netlib</Filter>
    </ClInclude>
    <ClInclude Include="include\netlib\pipe.h">
      <Filter>Header Files\netlib</Filter>
    </ClInclude>
    <ClInclude Include="include\netlib\shared_memory.h">
      <Filter>Header Files\netlib</Filter>
    </ClInclude>
    <ClInclude Include="include\netlib\file.h">
      <Filter>Header Files\netlib</Filter>
    </ClInclude>
    <ClInclude Include="include\netlib\http.h">
      <Filter>Header Files\netlib</Filter>
    </ClInclude>
    <ClInclude Include="include\netlib\crypto.h">
      <Filter>Header Files\netlib</Filter>
    </ClInclude>
    <ClInclude Include="include\netlib\md5.h">
      <Filter>Header Files\netlib</Filter>
    </ClInclude>
    <ClInclude Include="include\netlib\sha1.h">
      <Filter>Header Files\netlib</Filter>
    </ClInclude>
    <ClInclude Include="include\netlib\base64.h">
      <Filter>Header Files\netlib</Filter>
    </ClInclude>
    <ClInclude Include="include\netlib\websocket.h">
      <Filter>Header Files\netlib</Filter>
    </ClInclude>
    <ClInclude Include="include\netlib\thread.h">
      <Filter>Header Files\netlib</Filter>
    </ClInclude>
    <ClInclude Include="include\netlib\thread_wrapper.h">
      <Filter>Header Files\netlib</Filter>
    </ClInclude>
    <ClInclude Include="include\netlib\ref_counted.h">
      <Filter>Header Files\netlib</Filter>
    </ClInclude>
    <ClInclude Include="src\netlib_win32.h">
      <Filter>Source Files</Filter>
    </ClInclude>
    <ClInclude Include="include\netlib\json.h">
      <Filter>Header Files\netlib</Filter>
    </ClInclude>
    <ClInclude Include="include\netlib\irc.h">
      <Filter>Header Files\netlib</Filter>
    </ClInclude>
    <ClInclude Include="include\netlib\event.h">
      <Filter>Header Files\netlib</Filter>
    </ClInclude>
    <ClInclude Include="include\netlib\atomic.h">
      <Filter>Header Files\netlib</Filter>
    </ClInclude>
    <ClInclude Include="include\netlib\module.h">
      <Filter>Header Files\netlib</Filter>
    </ClInclude>
    <ClInclude Include="include\netlib\internal.h">
      <Filter>Header Files\netlib</Filter>
    </ClInclude>
    <ClInclude Include="include\netlib\win32.h">
      <Filter>Header Files\netlib</Filter>
    </ClInclude>
    <ClInclude Include="include\netlib\data.h">
      <Filter>Header Files\netlib</Filter>
    </ClInclude>
    <ClInclude Include="include\netlib\owned_ptr.h">
      <Filter>Header Files\netlib</Filter>
    </ClInclude>
    <ClInclude Include="include\netlib\resource.h">
      <Filter>Header Files\netlib</Filter>
    </ClInclude>
    <ClInclude Include="include\netlib\compiler.h">
      <Filter>Header Files\netlib</Filter>
    </ClInclude>
    <ClInclude Include="include\netlib\i18n.h">
      <Filter>Header Files\netlib</Filter>
    </ClInclude>
    <ClInclude Include="include\netlib\lock.h">
      <Filter>Header Files\netlib</Filter>
    </ClInclude>
    <ClInclude Include="include\netlib\exception.h">
      <Filter>Header Files\netlib</Filter>
    </ClInclude>
  </ItemGroup>
  <ItemGroup>
    <ResourceCompile Include="netlib.rc">
      <Filter>Resource Files</Filter>
    </ResourceCompile>
  </ItemGroup>
  <ItemGroup>
    <None Include="data2.bin">
      <Filter>Resource Files</Filter>
    </None>
  </ItemGroup>
</Project>